<?xml version="1.0" encoding="utf-8"?>
<Project ToolsVersion="4.0" xmlns="http://schemas.microsoft.com/developer/msbuild/2003">
  <ItemGroup>
    <Filter Include="Form Files">
      <UniqueIdentifier>{99349809-55BA-4b9d-BF79-8FDBB0286EB3}</UniqueIdentifier>
      <Extensions>ui</Extensions>
      <ParseFiles>false</ParseFiles>
    </Filter>
    <Filter Include="Form Files">
      <UniqueIdentifier>{99349809-55BA-4b9d-BF79-8FDBB0286EB3}</UniqueIdentifier>
      <Extensions>ui</Extensions>
      <ParseFiles>false</ParseFiles>
    </Filter>
    <Filter Include="Generated Files">
      <UniqueIdentifier>{71ED8ED8-ACB9-4CE9-BBE1-E00B30144E11}</UniqueIdentifier>
      <Extensions>cpp;c;cxx;moc;h;def;odl;idl;res;</Extensions>
    </Filter>
    <Filter Include="Generated Files">
      <UniqueIdentifier>{71ED8ED8-ACB9-4CE9-BBE1-E00B30144E11}</UniqueIdentifier>
      <Extensions>cpp;c;cxx;moc;h;def;odl;idl;res;</Extensions>
    </Filter>
    <Filter Include="Header Files">
      <UniqueIdentifier>{93995380-89BD-4b04-88EB-625FBE52EBFB}</UniqueIdentifier>
      <Extensions>h;hpp;hxx;hm;inl;inc;xsd</Extensions>
    </Filter>
    <Filter Include="Header Files">
      <UniqueIdentifier>{93995380-89BD-4b04-88EB-625FBE52EBFB}</UniqueIdentifier>
      <Extensions>h;hpp;hxx;hm;inl;inc;xsd</Extensions>
    </Filter>
    <Filter Include="Source Files">
      <UniqueIdentifier>{4FC737F1-C7A5-4376-A066-2A32D752A2FF}</UniqueIdentifier>
      <Extensions>cpp;c;cxx;def;odl;idl;hpj;bat;asm;asmx</Extensions>
    </Filter>
    <Filter Include="Source Files">
      <UniqueIdentifier>{4FC737F1-C7A5-4376-A066-2A32D752A2FF}</UniqueIdentifier>
      <Extensions>cpp;c;cxx;def;odl;idl;hpj;bat;asm;asmx</Extensions>
    </Filter>
    <Filter Include="Generated Files\Debug">
      <UniqueIdentifier>{888cbbf1-3f62-489c-bb14-0505df7a7295}</UniqueIdentifier>
      <Extensions>cpp;moc</Extensions>
      <SourceControlFiles>False</SourceControlFiles>
    </Filter>
    <Filter Include="Generated Files\Release">
      <UniqueIdentifier>{593e3357-c9ef-45f9-aef0-2dd5ef951d6d}</UniqueIdentifier>
      <Extensions>cpp;moc</Extensions>
      <SourceControlFiles>False</SourceControlFiles>
    </Filter>
  </ItemGroup>
  <ItemGroup>
    <ClCompile Include="index.cpp">
      <Filter>Source Files</Filter>
    </ClCompile>
    <ClCompile Include="main.cpp">
      <Filter>Source Files</Filter>
    </ClCompile>
    <ClCompile Include="studentquizresult.cpp">
      <Filter>Source Files</Filter>
    </ClCompile>
    <ClCompile Include="studenttakequiz.cpp">
      <Filter>Source Files</Filter>
    </ClCompile>
    <ClCompile Include="studentviewquiz.cpp">
      <Filter>Source Files</Filter>
    </ClCompile>
    <ClCompile Include="studentviewresult.cpp">
      <Filter>Source Files</Filter>
    </ClCompile>
    <ClCompile Include="teachercreatequiz.cpp">
      <Filter>Source Files</Filter>
    </ClCompile>
    <ClCompile Include="teachereditqns.cpp">
      <Filter>Source Files</Filter>
    </ClCompile>
    <ClCompile Include="teachereditquiz.cpp">
      <Filter>Source Files</Filter>
    </ClCompile>
    <ClCompile Include="teacherviewquiz.cpp">
      <Filter>Source Files</Filter>
    </ClCompile>
    <ClCompile Include="Debug\moc_teachereditquiz.cpp">
      <Filter>Generated Files\Debug</Filter>
    </ClCompile>
    <ClCompile Include="Release\moc_teachereditquiz.cpp">
      <Filter>Generated Files\Release</Filter>
    </ClCompile>
    <ClCompile Include="Debug\moc_teachereditqns.cpp">
      <Filter>Generated Files\Debug</Filter>
    </ClCompile>
    <ClCompile Include="Release\moc_teachereditqns.cpp">
      <Filter>Generated Files\Release</Filter>
    </ClCompile>
    <ClCompile Include="Debug\moc_teachercreatequiz.cpp">
      <Filter>Generated Files\Debug</Filter>
    </ClCompile>
    <ClCompile Include="Release\moc_teachercreatequiz.cpp">
      <Filter>Generated Files\Release</Filter>
    </ClCompile>
    <ClCompile Include="Debug\moc_studentviewresult.cpp">
      <Filter>Generated Files\Debug</Filter>
    </ClCompile>
    <ClCompile Include="Release\moc_studentviewresult.cpp">
      <Filter>Generated Files\Release</Filter>
    </ClCompile>
    <ClCompile Include="Debug\moc_studentviewquiz.cpp">
      <Filter>Generated Files\Debug</Filter>
    </ClCompile>
    <ClCompile Include="Release\moc_studentviewquiz.cpp">
      <Filter>Generated Files\Release</Filter>
    </ClCompile>
    <ClCompile Include="Debug\moc_studenttakequiz.cpp">
      <Filter>Generated Files\Debug</Filter>
    </ClCompile>
    <ClCompile Include="Release\moc_studenttakequiz.cpp">
      <Filter>Generated Files\Release</Filter>
    </ClCompile>
    <ClCompile Include="Debug\moc_studentquizresult.cpp">
      <Filter>Generated Files\Debug</Filter>
    </ClCompile>
    <ClCompile Include="Release\moc_studentquizresult.cpp">
      <Filter>Generated Files\Release</Filter>
    </ClCompile>
    <ClCompile Include="Debug\moc_index.cpp">
      <Filter>Generated Files\Debug</Filter>
    </ClCompile>
    <ClCompile Include="Release\moc_index.cpp">
      <Filter>Generated Files\Release</Filter>
    </ClCompile>
    <ClCompile Include="Debug\moc_teacherviewquiz.cpp">
      <Filter>Generated Files\Debug</Filter>
    </ClCompile>
    <ClCompile Include="Release\moc_teacherviewquiz.cpp">
      <Filter>Generated Files\Release</Filter>
    </ClCompile>
  </ItemGroup>
  <ItemGroup>
    <CustomBuild Include="index.h">
      <Filter>Header Files</Filter>
    </CustomBuild>
    <CustomBuild Include="studentquizresult.h">
      <Filter>Header Files</Filter>
    </CustomBuild>
    <CustomBuild Include="studenttakequiz.h">
      <Filter>Header Files</Filter>
    </CustomBuild>
    <CustomBuild Include="studentviewquiz.h">
      <Filter>Header Files</Filter>
    </CustomBuild>
    <CustomBuild Include="studentviewresult.h">
      <Filter>Header Files</Filter>
    </CustomBuild>
    <CustomBuild Include="teachercreatequiz.h">
      <Filter>Header Files</Filter>
    </CustomBuild>
    <CustomBuild Include="teachereditqns.h">
      <Filter>Header Files</Filter>
    </CustomBuild>
    <CustomBuild Include="teachereditquiz.h">
      <Filter>Header Files</Filter>
    </CustomBuild>
    <CustomBuild Include="teacherviewquiz.h">
      <Filter>Header Files</Filter>
    </CustomBuild>
  </ItemGroup>
  <ItemGroup>
    <CustomBuild Include="index.ui">
      <Filter>Form Files</Filter>
    </CustomBuild>
    <CustomBuild Include="studentquizresult.ui">
      <Filter>Form Files</Filter>
    </CustomBuild>
    <CustomBuild Include="studenttakequiz.ui">
      <Filter>Form Files</Filter>
    </CustomBuild>
    <CustomBuild Include="studentviewquiz.ui">
      <Filter>Form Files</Filter>
    </CustomBuild>
    <CustomBuild Include="studentviewresult.ui">
      <Filter>Form Files</Filter>
    </CustomBuild>
    <CustomBuild Include="teachercreatequiz.ui">
      <Filter>Form Files</Filter>
    </CustomBuild>
    <CustomBuild Include="teachereditqns.ui">
      <Filter>Form Files</Filter>
    </CustomBuild>
    <CustomBuild Include="teachereditquiz.ui">
      <Filter>Form Files</Filter>
    </CustomBuild>
    <CustomBuild Include="teacherviewquiz.ui">
      <Filter>Form Files</Filter>
    </CustomBuild>
  </ItemGroup>
  <ItemGroup>
    <ClInclude Include="GeneratedFiles\ui_index.h">
      <Filter>Generated Files</Filter>
    </ClInclude>
    <ClInclude Include="GeneratedFiles\ui_studentquizresult.h">
      <Filter>Generated Files</Filter>
    </ClInclude>
    <ClInclude Include="GeneratedFiles\ui_studenttakequiz.h">
      <Filter>Generated Files</Filter>
    </ClInclude>
    <ClInclude Include="GeneratedFiles\ui_studentviewquiz.h">
      <Filter>Generated Files</Filter>
    </ClInclude>
    <ClInclude Include="GeneratedFiles\ui_studentviewresult.h">
      <Filter>Generated Files</Filter>
    </ClInclude>
    <ClInclude Include="GeneratedFiles\ui_teachercreatequiz.h">
      <Filter>Generated Files</Filter>
    </ClInclude>
    <ClInclude Include="GeneratedFiles\ui_teachereditqns.h">
      <Filter>Generated Files</Filter>
    </ClInclude>
    <ClInclude Include="GeneratedFiles\ui_teachereditquiz.h">
      <Filter>Generated Files</Filter>
    </ClInclude>
    <ClInclude Include="GeneratedFiles\ui_teacherviewquiz.h">
      <Filter>Generated Files</Filter>
    </ClInclude>
  </ItemGroup>
</Project>